
Microsoft Visual Studio Solution File, Format Version 12.00
# Visual Studio 2013
VisualStudioVersion = 12.0.31101.0
MinimumVisualStudioVersion = 10.0.40219.1
Project("{FAE04EC0-301F-11D3-BF4B-00C04F79EFBC}") = "MatchingGame", "MatchingGame\MatchingGame.csproj", "{114C7A91-7907-46FD-8B6D-88D0F9C12046}"
EndProject
Global
	GlobalSection(SolutionConfigurationPlatforms) = preSolution
		Debug|Any CPU = Debug|Any CPU
		Release|Any CPU = Release|Any CPU
	EndGlobalSection
	GlobalSection(ProjectConfigurationPlatforms) = postSolution
		{114C7A91-7907-46FD-8B6D-88D0F9C12046}.Debug|Any CPU.ActiveCfg = Debug|Any CPU
		{114C7A91-7907-46FD-8B6D-88D0F9C12046}.Debug|Any CPU.Build.0 = Debug|Any CPU
		{114C7A91-7907-46FD-8B6D-88D0F9C12046}.Release|Any CPU.ActiveCfg = Release|Any CPU
		{114C7A91-7907-46FD-8B6D-88D0F9C12046}.Release|Any CPU.Build.0 = Release|Any CPU
	EndGlobalSection
	GlobalSection(SolutionProperties) = preSolution
		HideSolutionNode = FALSE
	EndGlobalSection
EndGlobal
